
Microsoft Visual Studio Solution File, Format Version 12.00
# Visual Studio Version 16
VisualStudioVersion = 16.0.31321.278
MinimumVisualStudioVersion = 10.0.40219.1
Project("{9A19103F-16F7-4668-BE54-9A1E7A4F7556}") = "FTask.Services", "FTask.Services\FTask.Services.csproj", "{B7D51AC7-E629-46E5-8B37-5032C4BE8359}"
EndProject
Project("{9A19103F-16F7-4668-BE54-9A1E7A4F7556}") = "FTask.Api", "FTask.Api\FTask.Api.csproj", "{D1364963-B4D5-48F0-A543-ACBC05AFC801}"
EndProject
Project("{9A19103F-16F7-4668-BE54-9A1E7A4F7556}") = "FTask.Shared", "FTask.Shared\FTask.Shared.csproj", "{C455E87F-CDDD-43E6-807C-C309E13B7DCF}"
EndProject
Project("{9A19103F-16F7-4668-BE54-9A1E7A4F7556}") = "FTask.Database", "FTask.Database\FTask.Database.csproj", "{EC6EB068-5164-46D2-B62F-D1C98A6C7A2A}"
EndProject
Project("{9A19103F-16F7-4668-BE54-9A1E7A4F7556}") = "FTask.AuthDatabase", "FTask.AuthDatabase\FTask.AuthDatabase.csproj", "{85E85323-66F5-4E98-8101-31920A37794D}"
EndProject
Project("{9A19103F-16F7-4668-BE54-9A1E7A4F7556}") = "FTask.AuthServices", "FTask.AuthServices\FTask.AuthServices.csproj", "{F94037BC-DCA7-4C3D-9CDF-B57F35907BEF}"
EndProject
Global
	GlobalSection(SolutionConfigurationPlatforms) = preSolution
		Debug|Any CPU = Debug|Any CPU
		Release|Any CPU = Release|Any CPU
	EndGlobalSection
	GlobalSection(ProjectConfigurationPlatforms) = postSolution
		{B7D51AC7-E629-46E5-8B37-5032C4BE8359}.Debug|Any CPU.ActiveCfg = Debug|Any CPU
		{B7D51AC7-E629-46E5-8B37-5032C4BE8359}.Debug|Any CPU.Build.0 = Debug|Any CPU
		{B7D51AC7-E629-46E5-8B37-5032C4BE8359}.Release|Any CPU.ActiveCfg = Release|Any CPU
		{B7D51AC7-E629-46E5-8B37-5032C4BE8359}.Release|Any CPU.Build.0 = Release|Any CPU
		{D1364963-B4D5-48F0-A543-ACBC05AFC801}.Debug|Any CPU.ActiveCfg = Debug|Any CPU
		{D1364963-B4D5-48F0-A543-ACBC05AFC801}.Debug|Any CPU.Build.0 = Debug|Any CPU
		{D1364963-B4D5-48F0-A543-ACBC05AFC801}.Release|Any CPU.ActiveCfg = Release|Any CPU
		{D1364963-B4D5-48F0-A543-ACBC05AFC801}.Release|Any CPU.Build.0 = Release|Any CPU
		{C455E87F-CDDD-43E6-807C-C309E13B7DCF}.Debug|Any CPU.ActiveCfg = Debug|Any CPU
		{C455E87F-CDDD-43E6-807C-C309E13B7DCF}.Debug|Any CPU.Build.0 = Debug|Any CPU
		{C455E87F-CDDD-43E6-807C-C309E13B7DCF}.Release|Any CPU.ActiveCfg = Release|Any CPU
		{C455E87F-CDDD-43E6-807C-C309E13B7DCF}.Release|Any CPU.Build.0 = Release|Any CPU
		{EC6EB068-5164-46D2-B62F-D1C98A6C7A2A}.Debug|Any CPU.ActiveCfg = Debug|Any CPU
		{EC6EB068-5164-46D2-B62F-D1C98A6C7A2A}.Debug|Any CPU.Build.0 = Debug|Any CPU
		{EC6EB068-5164-46D2-B62F-D1C98A6C7A2A}.Release|Any CPU.ActiveCfg = Release|Any CPU
		{EC6EB068-5164-46D2-B62F-D1C98A6C7A2A}.Release|Any CPU.Build.0 = Release|Any CPU
		{85E85323-66F5-4E98-8101-31920A37794D}.Debug|Any CPU.ActiveCfg = Debug|Any CPU
		{85E85323-66F5-4E98-8101-31920A37794D}.Debug|Any CPU.Build.0 = Debug|Any CPU
		{85E85323-66F5-4E98-8101-31920A37794D}.Release|Any CPU.ActiveCfg = Release|Any CPU
		{85E85323-66F5-4E98-8101-31920A37794D}.Release|Any CPU.Build.0 = Release|Any CPU
		{F94037BC-DCA7-4C3D-9CDF-B57F35907BEF}.Debug|Any CPU.ActiveCfg = Debug|Any CPU
		{F94037BC-DCA7-4C3D-9CDF-B57F35907BEF}.Debug|Any CPU.Build.0 = Debug|Any CPU
		{F94037BC-DCA7-4C3D-9CDF-B57F35907BEF}.Release|Any CPU.ActiveCfg = Release|Any CPU
		{F94037BC-DCA7-4C3D-9CDF-B57F35907BEF}.Release|Any CPU.Build.0 = Release|Any CPU
	EndGlobalSection
	GlobalSection(SolutionProperties) = preSolution
		HideSolutionNode = FALSE
	EndGlobalSection
	GlobalSection(ExtensibilityGlobals) = postSolution
		SolutionGuid = {E67BDFE3-8800-4A4E-9CF7-68214935266F}
	EndGlobalSection
EndGlobal
